
Microsoft Visual Studio Solution File, Format Version 12.00
# Visual Studio 2013
VisualStudioVersion = 12.0.30110.0
MinimumVisualStudioVersion = 10.0.40219.1
Project("{F184B08F-C81C-45F6-A57F-5ABD9991F28F}") = "FragmentRunner", "FragmentRunner\FragmentRunner.vbproj", "{EB0BDE0D-4620-43E8-AED8-B8CF5EA41C99}"
EndProject
Project("{F184B08F-C81C-45F6-A57F-5ABD9991F28F}") = "Mobzystems.CodeFragments", "Mobzystems.CodeFragments\Mobzystems.CodeFragments.vbproj", "{4E792BB1-52CC-4B23-B935-004BD12F0648}"
EndProject
Project("{F184B08F-C81C-45F6-A57F-5ABD9991F28F}") = "CodeFragmentTester", "CodeFragmentTester\CodeFragmentTester.vbproj", "{33A73A55-17EB-4751-BAED-F107E3B167ED}"
EndProject
Project("{F184B08F-C81C-45F6-A57F-5ABD9991F28F}") = "FuncPlotter", "FuncPlotter\FuncPlotter.vbproj", "{AD1001F8-AB4E-47D3-A03B-9E7B364DCED2}"
EndProject
Project("{930C7802-8A8C-48F9-8165-68863BCCD9DD}") = "FragmentRunnerSetup", "FragmentRunnerSetup\FragmentRunnerSetup.wixproj", "{0818ACD1-4D3F-40C0-AB70-3B45B014FB37}"
EndProject
Global
	GlobalSection(SolutionConfigurationPlatforms) = preSolution
		Debug|Any CPU = Debug|Any CPU
		Debug|Mixed Platforms = Debug|Mixed Platforms
		Debug|x86 = Debug|x86
		Release|Any CPU = Release|Any CPU
		Release|Mixed Platforms = Release|Mixed Platforms
		Release|x86 = Release|x86
	EndGlobalSection
	GlobalSection(ProjectConfigurationPlatforms) = postSolution
		{EB0BDE0D-4620-43E8-AED8-B8CF5EA41C99}.Debug|Any CPU.ActiveCfg = Debug|Any CPU
		{EB0BDE0D-4620-43E8-AED8-B8CF5EA41C99}.Debug|Any CPU.Build.0 = Debug|Any CPU
		{EB0BDE0D-4620-43E8-AED8-B8CF5EA41C99}.Debug|Mixed Platforms.ActiveCfg = Debug|Any CPU
		{EB0BDE0D-4620-43E8-AED8-B8CF5EA41C99}.Debug|Mixed Platforms.Build.0 = Debug|Any CPU
		{EB0BDE0D-4620-43E8-AED8-B8CF5EA41C99}.Debug|x86.ActiveCfg = Debug|Any CPU
		{EB0BDE0D-4620-43E8-AED8-B8CF5EA41C99}.Release|Any CPU.ActiveCfg = Release|Any CPU
		{EB0BDE0D-4620-43E8-AED8-B8CF5EA41C99}.Release|Any CPU.Build.0 = Release|Any CPU
		{EB0BDE0D-4620-43E8-AED8-B8CF5EA41C99}.Release|Mixed Platforms.ActiveCfg = Release|Any CPU
		{EB0BDE0D-4620-43E8-AED8-B8CF5EA41C99}.Release|Mixed Platforms.Build.0 = Release|Any CPU
		{EB0BDE0D-4620-43E8-AED8-B8CF5EA41C99}.Release|x86.ActiveCfg = Release|Any CPU
		{4E792BB1-52CC-4B23-B935-004BD12F0648}.Debug|Any CPU.ActiveCfg = Debug|Any CPU
		{4E792BB1-52CC-4B23-B935-004BD12F0648}.Debug|Any CPU.Build.0 = Debug|Any CPU
		{4E792BB1-52CC-4B23-B935-004BD12F0648}.Debug|Mixed Platforms.ActiveCfg = Debug|Any CPU
		{4E792BB1-52CC-4B23-B935-004BD12F0648}.Debug|Mixed Platforms.Build.0 = Debug|Any CPU
		{4E792BB1-52CC-4B23-B935-004BD12F0648}.Debug|x86.ActiveCfg = Debug|Any CPU
		{4E792BB1-52CC-4B23-B935-004BD12F0648}.Release|Any CPU.ActiveCfg = Release|Any CPU
		{4E792BB1-52CC-4B23-B935-004BD12F0648}.Release|Any CPU.Build.0 = Release|Any CPU
		{4E792BB1-52CC-4B23-B935-004BD12F0648}.Release|Mixed Platforms.ActiveCfg = Release|Any CPU
		{4E792BB1-52CC-4B23-B935-004BD12F0648}.Release|Mixed Platforms.Build.0 = Release|Any CPU
		{4E792BB1-52CC-4B23-B935-004BD12F0648}.Release|x86.ActiveCfg = Release|Any CPU
		{33A73A55-17EB-4751-BAED-F107E3B167ED}.Debug|Any CPU.ActiveCfg = Debug|Any CPU
		{33A73A55-17EB-4751-BAED-F107E3B167ED}.Debug|Any CPU.Build.0 = Debug|Any CPU
		{33A73A55-17EB-4751-BAED-F107E3B167ED}.Debug|Mixed Platforms.ActiveCfg = Debug|Any CPU
		{33A73A55-17EB-4751-BAED-F107E3B167ED}.Debug|Mixed Platforms.Build.0 = Debug|Any CPU
		{33A73A55-17EB-4751-BAED-F107E3B167ED}.Debug|x86.ActiveCfg = Debug|Any CPU
		{33A73A55-17EB-4751-BAED-F107E3B167ED}.Release|Any CPU.ActiveCfg = Release|Any CPU
		{33A73A55-17EB-4751-BAED-F107E3B167ED}.Release|Any CPU.Build.0 = Release|Any CPU
		{33A73A55-17EB-4751-BAED-F107E3B167ED}.Release|Mixed Platforms.ActiveCfg = Release|Any CPU
		{33A73A55-17EB-4751-BAED-F107E3B167ED}.Release|Mixed Platforms.Build.0 = Release|Any CPU
		{33A73A55-17EB-4751-BAED-F107E3B167ED}.Release|x86.ActiveCfg = Release|Any CPU
		{AD1001F8-AB4E-47D3-A03B-9E7B364DCED2}.Debug|Any CPU.ActiveCfg = Debug|Any CPU
		{AD1001F8-AB4E-47D3-A03B-9E7B364DCED2}.Debug|Any CPU.Build.0 = Debug|Any CPU
		{AD1001F8-AB4E-47D3-A03B-9E7B364DCED2}.Debug|Mixed Platforms.ActiveCfg = Debug|Any CPU
		{AD1001F8-AB4E-47D3-A03B-9E7B364DCED2}.Debug|Mixed Platforms.Build.0 = Debug|Any CPU
		{AD1001F8-AB4E-47D3-A03B-9E7B364DCED2}.Debug|x86.ActiveCfg = Debug|Any CPU
		{AD1001F8-AB4E-47D3-A03B-9E7B364DCED2}.Release|Any CPU.ActiveCfg = Release|Any CPU
		{AD1001F8-AB4E-47D3-A03B-9E7B364DCED2}.Release|Any CPU.Build.0 = Release|Any CPU
		{AD1001F8-AB4E-47D3-A03B-9E7B364DCED2}.Release|Mixed Platforms.ActiveCfg = Release|Any CPU
		{AD1001F8-AB4E-47D3-A03B-9E7B364DCED2}.Release|Mixed Platforms.Build.0 = Release|Any CPU
		{AD1001F8-AB4E-47D3-A03B-9E7B364DCED2}.Release|x86.ActiveCfg = Release|Any CPU
		{0818ACD1-4D3F-40C0-AB70-3B45B014FB37}.Debug|Any CPU.ActiveCfg = Debug|x86
		{0818ACD1-4D3F-40C0-AB70-3B45B014FB37}.Debug|Mixed Platforms.ActiveCfg = Debug|x86
		{0818ACD1-4D3F-40C0-AB70-3B45B014FB37}.Debug|Mixed Platforms.Build.0 = Debug|x86
		{0818ACD1-4D3F-40C0-AB70-3B45B014FB37}.Debug|x86.ActiveCfg = Debug|x86
		{0818ACD1-4D3F-40C0-AB70-3B45B014FB37}.Debug|x86.Build.0 = Debug|x86
		{0818ACD1-4D3F-40C0-AB70-3B45B014FB37}.Release|Any CPU.ActiveCfg = Release|x86
		{0818ACD1-4D3F-40C0-AB70-3B45B014FB37}.Release|Mixed Platforms.ActiveCfg = Release|x86
		{0818ACD1-4D3F-40C0-AB70-3B45B014FB37}.Release|Mixed Platforms.Build.0 = Release|x86
		{0818ACD1-4D3F-40C0-AB70-3B45B014FB37}.Release|x86.ActiveCfg = Release|x86
		{0818ACD1-4D3F-40C0-AB70-3B45B014FB37}.Release|x86.Build.0 = Release|x86
	EndGlobalSection
	GlobalSection(SolutionProperties) = preSolution
		HideSolutionNode = FALSE
	EndGlobalSection
EndGlobal
